
Microsoft Visual Studio Solution File, Format Version 12.00
# Visual Studio Version 17
VisualStudioVersion = 17.9.34728.123
MinimumVisualStudioVersion = 10.0.40219.1
Project("{FAE04EC0-301F-11D3-BF4B-00C04F79EFBC}") = "WebApiTest", "WebApiTest.csproj", "{558707E2-928C-4A91-9B90-E3F10691C61F}"
EndProject
Project("{2150E333-8FDC-42A3-9474-1A3956D46DE8}") = "Элементы решения", "Элементы решения", "{61C40D18-B7FA-47BE-9DED-9F5A36CE5E50}"
EndProject
Global
	GlobalSection(SolutionConfigurationPlatforms) = preSolution
		Debug|Any CPU = Debug|Any CPU
		Release|Any CPU = Release|Any CPU
	EndGlobalSection
	GlobalSection(ProjectConfigurationPlatforms) = postSolution
		{558707E2-928C-4A91-9B90-E3F10691C61F}.Debug|Any CPU.ActiveCfg = Debug|Any CPU
		{558707E2-928C-4A91-9B90-E3F10691C61F}.Debug|Any CPU.Build.0 = Debug|Any CPU
		{558707E2-928C-4A91-9B90-E3F10691C61F}.Release|Any CPU.ActiveCfg = Release|Any CPU
		{558707E2-928C-4A91-9B90-E3F10691C61F}.Release|Any CPU.Build.0 = Release|Any CPU
	EndGlobalSection
	GlobalSection(SolutionProperties) = preSolution
		HideSolutionNode = FALSE
	EndGlobalSection
	GlobalSection(ExtensibilityGlobals) = postSolution
		SolutionGuid = {F7538288-DE09-4DD7-AB9C-0C135040B722}
	EndGlobalSection
EndGlobal
